
Microsoft Visual Studio Solution File, Format Version 12.00
# Visual Studio 15
VisualStudioVersion = 15.0.27428.2015
MinimumVisualStudioVersion = 10.0.40219.1
Project("{FAE04EC0-301F-11D3-BF4B-00C04F79EFBC}") = "Game_KHB", "Game_KHB\Game_KHB.csproj", "{1471D5C7-D662-4ED3-A473-CB9D970F7204}"
EndProject
Project("{FAE04EC0-301F-11D3-BF4B-00C04F79EFBC}") = "Brain", "Brain\Brain.csproj", "{B2F1AD95-90C0-43D5-BCF6-9BB6A6172198}"
EndProject
Global
	GlobalSection(SolutionConfigurationPlatforms) = preSolution
		Debug|Any CPU = Debug|Any CPU
		Release|Any CPU = Release|Any CPU
	EndGlobalSection
	GlobalSection(ProjectConfigurationPlatforms) = postSolution
		{1471D5C7-D662-4ED3-A473-CB9D970F7204}.Debug|Any CPU.ActiveCfg = Debug|Any CPU
		{1471D5C7-D662-4ED3-A473-CB9D970F7204}.Debug|Any CPU.Build.0 = Debug|Any CPU
		{1471D5C7-D662-4ED3-A473-CB9D970F7204}.Release|Any CPU.ActiveCfg = Release|Any CPU
		{1471D5C7-D662-4ED3-A473-CB9D970F7204}.Release|Any CPU.Build.0 = Release|Any CPU
		{B2F1AD95-90C0-43D5-BCF6-9BB6A6172198}.Debug|Any CPU.ActiveCfg = Debug|Any CPU
		{B2F1AD95-90C0-43D5-BCF6-9BB6A6172198}.Debug|Any CPU.Build.0 = Debug|Any CPU
		{B2F1AD95-90C0-43D5-BCF6-9BB6A6172198}.Release|Any CPU.ActiveCfg = Release|Any CPU
		{B2F1AD95-90C0-43D5-BCF6-9BB6A6172198}.Release|Any CPU.Build.0 = Release|Any CPU
	EndGlobalSection
	GlobalSection(SolutionProperties) = preSolution
		HideSolutionNode = FALSE
	EndGlobalSection
	GlobalSection(ExtensibilityGlobals) = postSolution
		SolutionGuid = {89C17CC3-4675-4388-8A83-CDDD2DD9B4B1}
	EndGlobalSection
EndGlobal
